
Microsoft Visual Studio Solution File, Format Version 12.00
# Visual Studio 15
VisualStudioVersion = 15.0.27703.2042
MinimumVisualStudioVersion = 10.0.40219.1
Project("{FAE04EC0-301F-11D3-BF4B-00C04F79EFBC}") = "SimpleClasses", "SimpleClasses\SimpleClasses.csproj", "{EA8C7239-8CBB-4F56-8E26-BB3A6F00FE33}"
EndProject
Global
	GlobalSection(SolutionConfigurationPlatforms) = preSolution
		Debug|Any CPU = Debug|Any CPU
		Release|Any CPU = Release|Any CPU
	EndGlobalSection
	GlobalSection(ProjectConfigurationPlatforms) = postSolution
		{EA8C7239-8CBB-4F56-8E26-BB3A6F00FE33}.Debug|Any CPU.ActiveCfg = Debug|Any CPU
		{EA8C7239-8CBB-4F56-8E26-BB3A6F00FE33}.Debug|Any CPU.Build.0 = Debug|Any CPU
		{EA8C7239-8CBB-4F56-8E26-BB3A6F00FE33}.Release|Any CPU.ActiveCfg = Release|Any CPU
		{EA8C7239-8CBB-4F56-8E26-BB3A6F00FE33}.Release|Any CPU.Build.0 = Release|Any CPU
	EndGlobalSection
	GlobalSection(SolutionProperties) = preSolution
		HideSolutionNode = FALSE
	EndGlobalSection
	GlobalSection(ExtensibilityGlobals) = postSolution
		SolutionGuid = {065AE5C5-63CC-483F-BDEA-ED3C18AB3E47}
	EndGlobalSection
EndGlobal
